
Microsoft Visual Studio Solution File, Format Version 12.00
# Visual Studio Version 16
VisualStudioVersion = 16.0.30717.126
MinimumVisualStudioVersion = 10.0.40219.1
Project("{8BC9CEB8-8B4A-11D0-8D11-00A0C91BC942}") = "LearnOpenGL", "LearnOpenGL\LearnOpenGL.vcxproj", "{EB262A35-9CF0-4F42-AD54-09E0E4588637}"
EndProject
Global
	GlobalSection(SolutionConfigurationPlatforms) = preSolution
		Debug|x64 = Debug|x64
		Debug|x86 = Debug|x86
		Release|x64 = Release|x64
		Release|x86 = Release|x86
	EndGlobalSection
	GlobalSection(ProjectConfigurationPlatforms) = postSolution
		{EB262A35-9CF0-4F42-AD54-09E0E4588637}.Debug|x64.ActiveCfg = Debug|x64
		{EB262A35-9CF0-4F42-AD54-09E0E4588637}.Debug|x64.Build.0 = Debug|x64
		{EB262A35-9CF0-4F42-AD54-09E0E4588637}.Debug|x86.ActiveCfg = Debug|Win32
		{EB262A35-9CF0-4F42-AD54-09E0E4588637}.Debug|x86.Build.0 = Debug|Win32
		{EB262A35-9CF0-4F42-AD54-09E0E4588637}.Release|x64.ActiveCfg = Release|x64
		{EB262A35-9CF0-4F42-AD54-09E0E4588637}.Release|x64.Build.0 = Release|x64
		{EB262A35-9CF0-4F42-AD54-09E0E4588637}.Release|x86.ActiveCfg = Release|Win32
		{EB262A35-9CF0-4F42-AD54-09E0E4588637}.Release|x86.Build.0 = Release|Win32
	EndGlobalSection
	GlobalSection(SolutionProperties) = preSolution
		HideSolutionNode = FALSE
	EndGlobalSection
	GlobalSection(ExtensibilityGlobals) = postSolution
		SolutionGuid = {4E62733D-8C84-46FE-8CFA-D35D85C02184}
	EndGlobalSection
EndGlobal
